// !$*UTF8*$!
{
	archiveVersion = 1;
	classes = {
	};
	objectVersion = 50;
	objects = {

/* Begin PBXBuildFile section */
		2DBA116C33D51297D5384A52 /* DialDelegate.swift in Sources */ = {isa = PBXBuildFile; fileRef = 2DBA11B74C37AE96041F400D /* DialDelegate.swift */; };
		2DBA1905BF6BCA15F82AF8B8 /* Main.storyboard in Resources */ = {isa = PBXBuildFile; fileRef = 2DBA14031F68B505C8B42CD0 /* Main.storyboard */; };
		2DBA1B39EA030F1D06E675B7 /* UserSettings.swift in Sources */ = {isa = PBXBuildFile; fileRef = 2DBA1898A55AE4BDB7ED1A4C /* UserSettings.swift */; };
		2DBA1FB8954597E33AFFEB26 /* Device.swift in Sources */ = {isa = PBXBuildFile; fileRef = 2DBA134CA4B2FEEA02C66B07 /* Device.swift */; };
		C882FA1A26F1430C00595EE1 /* AppDelegate.swift in Sources */ = {isa = PBXBuildFile; fileRef = C882FA1926F1430C00595EE1 /* AppDelegate.swift */; };
		C882FA1E26F1430D00595EE1 /* Assets.xcassets in Resources */ = {isa = PBXBuildFile; fileRef = C882FA1D26F1430D00595EE1 /* Assets.xcassets */; };
		C89D242B2703CF4500B1A458 /* ScrollControlMode.swift in Sources */ = {isa = PBXBuildFile; fileRef = C89D242A2703CF4500B1A458 /* ScrollControlMode.swift */; };
		C89D242D2704870C00B1A458 /* PlaybackControlMode.swift in Sources */ = {isa = PBXBuildFile; fileRef = C89D242C2704870C00B1A458 /* PlaybackControlMode.swift */; };
		C89F31592701090400A8B365 /* Dial.swift in Sources */ = {isa = PBXBuildFile; fileRef = C89F31582701090400A8B365 /* Dial.swift */; };
		C89F315B2701266400A8B365 /* CoreFoundation.framework in Frameworks */ = {isa = PBXBuildFile; fileRef = C89F315A2701266400A8B365 /* CoreFoundation.framework */; };
		C89F315D2701266A00A8B365 /* IOKit.framework in Frameworks */ = {isa = PBXBuildFile; fileRef = C89F315C2701266A00A8B365 /* IOKit.framework */; };
		C89F315F270126E100A8B365 /* AppKit.framework in Frameworks */ = {isa = PBXBuildFile; fileRef = C89F315E270126E100A8B365 /* AppKit.framework */; };
		FA01D9B327A54DFF00B542F9 /* ControlMode.swift in Sources */ = {isa = PBXBuildFile; fileRef = FA01D9B227A54DFF00B542F9 /* ControlMode.swift */; };
		FA01D9B527A5541700B542F9 /* AppController.swift in Sources */ = {isa = PBXBuildFile; fileRef = FA01D9B427A5541700B542F9 /* AppController.swift */; };
		FA8BA9CC29214B4E008383F4 /* Localizable.strings in Resources */ = {isa = PBXBuildFile; fileRef = FA8BA9CE29214B4E008383F4 /* Localizable.strings */; };
/* End PBXBuildFile section */

/* Begin PBXFileReference section */
		2DBA11B74C37AE96041F400D /* DialDelegate.swift */ = {isa = PBXFileReference; fileEncoding = 4; lastKnownFileType = sourcecode.swift; path = DialDelegate.swift; sourceTree = "<group>"; };
		2DBA134CA4B2FEEA02C66B07 /* Device.swift */ = {isa = PBXFileReference; fileEncoding = 4; lastKnownFileType = sourcecode.swift; path = Device.swift; sourceTree = "<group>"; };
		2DBA14031F68B505C8B42CD0 /* Main.storyboard */ = {isa = PBXFileReference; lastKnownFileType = file.storyboard; path = Main.storyboard; sourceTree = "<group>"; };
		2DBA1898A55AE4BDB7ED1A4C /* UserSettings.swift */ = {isa = PBXFileReference; fileEncoding = 4; lastKnownFileType = sourcecode.swift; path = UserSettings.swift; sourceTree = "<group>"; };
		C882FA1626F1430C00595EE1 /* MacDial.app */ = {isa = PBXFileReference; explicitFileType = wrapper.application; includeInIndex = 0; path = MacDial.app; sourceTree = BUILT_PRODUCTS_DIR; };
		C882FA1926F1430C00595EE1 /* AppDelegate.swift */ = {isa = PBXFileReference; lastKnownFileType = sourcecode.swift; path = AppDelegate.swift; sourceTree = "<group>"; };
		C882FA1D26F1430D00595EE1 /* Assets.xcassets */ = {isa = PBXFileReference; lastKnownFileType = folder.assetcatalog; path = Assets.xcassets; sourceTree = "<group>"; };
		C882FA2526F1430D00595EE1 /* Info.plist */ = {isa = PBXFileReference; lastKnownFileType = text.plist.xml; path = Info.plist; sourceTree = "<group>"; };
		C882FA2626F1430D00595EE1 /* MacDial.entitlements */ = {isa = PBXFileReference; lastKnownFileType = text.plist.entitlements; path = MacDial.entitlements; sourceTree = "<group>"; };
		C89D242A2703CF4500B1A458 /* ScrollControlMode.swift */ = {isa = PBXFileReference; lastKnownFileType = sourcecode.swift; path = ScrollControlMode.swift; sourceTree = "<group>"; };
		C89D242C2704870C00B1A458 /* PlaybackControlMode.swift */ = {isa = PBXFileReference; lastKnownFileType = sourcecode.swift; path = PlaybackControlMode.swift; sourceTree = "<group>"; };
		C89F31582701090400A8B365 /* Dial.swift */ = {isa = PBXFileReference; lastKnownFileType = sourcecode.swift; path = Dial.swift; sourceTree = "<group>"; };
		C89F315A2701266400A8B365 /* CoreFoundation.framework */ = {isa = PBXFileReference; lastKnownFileType = wrapper.framework; name = CoreFoundation.framework; path = System/Library/Frameworks/CoreFoundation.framework; sourceTree = SDKROOT; };
		C89F315C2701266A00A8B365 /* IOKit.framework */ = {isa = PBXFileReference; lastKnownFileType = wrapper.framework; name = IOKit.framework; path = System/Library/Frameworks/IOKit.framework; sourceTree = SDKROOT; };
		C89F315E270126E100A8B365 /* AppKit.framework */ = {isa = PBXFileReference; lastKnownFileType = wrapper.framework; name = AppKit.framework; path = System/Library/Frameworks/AppKit.framework; sourceTree = SDKROOT; };
		FA01D9B227A54DFF00B542F9 /* ControlMode.swift */ = {isa = PBXFileReference; lastKnownFileType = sourcecode.swift; path = ControlMode.swift; sourceTree = "<group>"; };
		FA01D9B427A5541700B542F9 /* AppController.swift */ = {isa = PBXFileReference; lastKnownFileType = sourcecode.swift; path = AppController.swift; sourceTree = "<group>"; };
		FA8BA9CD29214B4E008383F4 /* en */ = {isa = PBXFileReference; lastKnownFileType = text.plist.strings; name = en; path = en.lproj/Localizable.strings; sourceTree = "<group>"; };
/* End PBXFileReference section */

/* Begin PBXFrameworksBuildPhase section */
		C882FA1326F1430C00595EE1 /* Frameworks */ = {
			isa = PBXFrameworksBuildPhase;
			buildActionMask = 2147483647;
			files = (
				C89F315F270126E100A8B365 /* AppKit.framework in Frameworks */,
				C89F315B2701266400A8B365 /* CoreFoundation.framework in Frameworks */,
				C89F315D2701266A00A8B365 /* IOKit.framework in Frameworks */,
			);
			runOnlyForDeploymentPostprocessing = 0;
		};
/* End PBXFrameworksBuildPhase section */

/* Begin PBXGroup section */
		C882FA0D26F1430C00595EE1 = {
			isa = PBXGroup;
			children = (
				C882FA1826F1430C00595EE1 /* Code */,
				FAC9E62627A46ACB00A6A453 /* Resources */,
				C882FA1726F1430C00595EE1 /* Products */,
				C89F31562701079000A8B365 /* Frameworks */,
			);
			sourceTree = "<group>";
		};
		C882FA1726F1430C00595EE1 /* Products */ = {
			isa = PBXGroup;
			children = (
				C882FA1626F1430C00595EE1 /* MacDial.app */,
			);
			name = Products;
			sourceTree = "<group>";
		};
		C882FA1826F1430C00595EE1 /* Code */ = {
			isa = PBXGroup;
			children = (
				FAC9E62927A46AFD00A6A453 /* ControlModes */,
				FAC9E62827A46AF000A6A453 /* Dial */,
				FAC9E62727A46ADF00A6A453 /* Presentation */,
				C882FA1926F1430C00595EE1 /* AppDelegate.swift */,
			);
			path = Code;
			sourceTree = "<group>";
		};
		C89F31562701079000A8B365 /* Frameworks */ = {
			isa = PBXGroup;
			children = (
				C89F315E270126E100A8B365 /* AppKit.framework */,
				C89F315C2701266A00A8B365 /* IOKit.framework */,
				C89F315A2701266400A8B365 /* CoreFoundation.framework */,
			);
			name = Frameworks;
			sourceTree = "<group>";
		};
		FAC9E62627A46ACB00A6A453 /* Resources */ = {
			isa = PBXGroup;
			children = (
				C882FA1D26F1430D00595EE1 /* Assets.xcassets */,
				C882FA2526F1430D00595EE1 /* Info.plist */,
				C882FA2626F1430D00595EE1 /* MacDial.entitlements */,
				2DBA14031F68B505C8B42CD0 /* Main.storyboard */,
				FA8BA9CE29214B4E008383F4 /* Localizable.strings */,
			);
			path = Resources;
			sourceTree = "<group>";
		};
		FAC9E62727A46ADF00A6A453 /* Presentation */ = {
			isa = PBXGroup;
			children = (
				2DBA1898A55AE4BDB7ED1A4C /* UserSettings.swift */,
				FA01D9B427A5541700B542F9 /* AppController.swift */,
			);
			path = Presentation;
			sourceTree = "<group>";
		};
		FAC9E62827A46AF000A6A453 /* Dial */ = {
			isa = PBXGroup;
			children = (
				C89F31582701090400A8B365 /* Dial.swift */,
				2DBA134CA4B2FEEA02C66B07 /* Device.swift */,
				2DBA11B74C37AE96041F400D /* DialDelegate.swift */,
			);
			path = Dial;
			sourceTree = "<group>";
		};
		FAC9E62927A46AFD00A6A453 /* ControlModes */ = {
			isa = PBXGroup;
			children = (
				C89D242A2703CF4500B1A458 /* ScrollControlMode.swift */,
				C89D242C2704870C00B1A458 /* PlaybackControlMode.swift */,
				FA01D9B227A54DFF00B542F9 /* ControlMode.swift */,
			);
			path = ControlModes;
			sourceTree = "<group>";
		};
/* End PBXGroup section */

/* Begin PBXNativeTarget section */
		C882FA1526F1430C00595EE1 /* MacDial */ = {
			isa = PBXNativeTarget;
			buildConfigurationList = C882FA2926F1430D00595EE1 /* Build configuration list for PBXNativeTarget "MacDial" */;
			buildPhases = (
				C882FA1226F1430C00595EE1 /* Sources */,
				C882FA1326F1430C00595EE1 /* Frameworks */,
				C882FA1426F1430C00595EE1 /* Resources */,
			);
			buildRules = (
			);
			dependencies = (
			);
			name = MacDial;
			productName = MacDial;
			productReference = C882FA1626F1430C00595EE1 /* MacDial.app */;
			productType = "com.apple.product-type.application";
		};
/* End PBXNativeTarget section */

/* Begin PBXProject section */
		C882FA0E26F1430C00595EE1 /* Project object */ = {
			isa = PBXProject;
			attributes = {
				LastSwiftUpdateCheck = 1250;
				LastUpgradeCheck = 1250;
				TargetAttributes = {
					C882FA1526F1430C00595EE1 = {
						CreatedOnToolsVersion = 12.5.1;
					};
				};
			};
			buildConfigurationList = C882FA1126F1430C00595EE1 /* Build configuration list for PBXProject "MacDial" */;
			compatibilityVersion = "Xcode 9.3";
			developmentRegion = en;
			hasScannedForEncodings = 0;
			knownRegions = (
				en,
				Base,
			);
			mainGroup = C882FA0D26F1430C00595EE1;
			packageReferences = (
			);
			productRefGroup = C882FA1726F1430C00595EE1 /* Products */;
			projectDirPath = "";
			projectRoot = "";
			targets = (
				C882FA1526F1430C00595EE1 /* MacDial */,
			);
		};
/* End PBXProject section */

/* Begin PBXResourcesBuildPhase section */
		C882FA1426F1430C00595EE1 /* Resources */ = {
			isa = PBXResourcesBuildPhase;
			buildActionMask = 2147483647;
			files = (
				C882FA1E26F1430D00595EE1 /* Assets.xcassets in Resources */,
				FA8BA9CC29214B4E008383F4 /* Localizable.strings in Resources */,
				2DBA1905BF6BCA15F82AF8B8 /* Main.storyboard in Resources */,
			);
			runOnlyForDeploymentPostprocessing = 0;
		};
/* End PBXResourcesBuildPhase section */

/* Begin PBXSourcesBuildPhase section */
		C882FA1226F1430C00595EE1 /* Sources */ = {
			isa = PBXSourcesBuildPhase;
			buildActionMask = 2147483647;
			files = (
				FA01D9B527A5541700B542F9 /* AppController.swift in Sources */,
				C882FA1A26F1430C00595EE1 /* AppDelegate.swift in Sources */,
				C89D242D2704870C00B1A458 /* PlaybackControlMode.swift in Sources */,
				C89F31592701090400A8B365 /* Dial.swift in Sources */,
				C89D242B2703CF4500B1A458 /* ScrollControlMode.swift in Sources */,
				2DBA1FB8954597E33AFFEB26 /* Device.swift in Sources */,
				2DBA116C33D51297D5384A52 /* DialDelegate.swift in Sources */,
				FA01D9B327A54DFF00B542F9 /* ControlMode.swift in Sources */,
				2DBA1B39EA030F1D06E675B7 /* UserSettings.swift in Sources */,
			);
			runOnlyForDeploymentPostprocessing = 0;
		};
/* End PBXSourcesBuildPhase section */

/* Begin PBXVariantGroup section */
		FA8BA9CE29214B4E008383F4 /* Localizable.strings */ = {
			isa = PBXVariantGroup;
			children = (
				FA8BA9CD29214B4E008383F4 /* en */,
			);
			name = Localizable.strings;
			sourceTree = "<group>";
		};
/* End PBXVariantGroup section */

/* Begin XCBuildConfiguration section */
		C882FA2726F1430D00595EE1 /* Debug */ = {
			isa = XCBuildConfiguration;
			buildSettings = {
				ALWAYS_SEARCH_USER_PATHS = NO;
				CLANG_ANALYZER_NONNULL = YES;
				CLANG_ANALYZER_NUMBER_OBJECT_CONVERSION = YES_AGGRESSIVE;
				CLANG_CXX_LANGUAGE_STANDARD = "gnu++14";
				CLANG_CXX_LIBRARY = "libc++";
				CLANG_ENABLE_MODULES = YES;
				CLANG_ENABLE_OBJC_ARC = YES;
				CLANG_ENABLE_OBJC_WEAK = YES;
				CLANG_WARN_BLOCK_CAPTURE_AUTORELEASING = YES;
				CLANG_WARN_BOOL_CONVERSION = YES;
				CLANG_WARN_COMMA = YES;
				CLANG_WARN_CONSTANT_CONVERSION = YES;
				CLANG_WARN_DEPRECATED_OBJC_IMPLEMENTATIONS = YES;
				CLANG_WARN_DIRECT_OBJC_ISA_USAGE = YES_ERROR;
				CLANG_WARN_DOCUMENTATION_COMMENTS = YES;
				CLANG_WARN_EMPTY_BODY = YES;
				CLANG_WARN_ENUM_CONVERSION = YES;
				CLANG_WARN_INFINITE_RECURSION = YES;
				CLANG_WARN_INT_CONVERSION = YES;
				CLANG_WARN_NON_LITERAL_NULL_CONVERSION = YES;
				CLANG_WARN_OBJC_IMPLICIT_RETAIN_SELF = YES;
				CLANG_WARN_OBJC_LITERAL_CONVERSION = YES;
				CLANG_WARN_OBJC_ROOT_CLASS = YES_ERROR;
				CLANG_WARN_QUOTED_INCLUDE_IN_FRAMEWORK_HEADER = YES;
				CLANG_WARN_RANGE_LOOP_ANALYSIS = YES;
				CLANG_WARN_STRICT_PROTOTYPES = YES;
				CLANG_WARN_SUSPICIOUS_MOVE = YES;
				CLANG_WARN_UNGUARDED_AVAILABILITY = YES_AGGRESSIVE;
				CLANG_WARN_UNREACHABLE_CODE = YES;
				CLANG_WARN__DUPLICATE_METHOD_MATCH = YES;
				COPY_PHASE_STRIP = NO;
				DEBUG_INFORMATION_FORMAT = dwarf;
				ENABLE_STRICT_OBJC_MSGSEND = YES;
				ENABLE_TESTABILITY = YES;
				GCC_C_LANGUAGE_STANDARD = gnu11;
				GCC_DYNAMIC_NO_PIC = NO;
				GCC_NO_COMMON_BLOCKS = YES;
				GCC_OPTIMIZATION_LEVEL = 0;
				GCC_PREPROCESSOR_DEFINITIONS = (
					"DEBUG=1",
					"$(inherited)",
				);
				GCC_WARN_64_TO_32_BIT_CONVERSION = YES;
				GCC_WARN_ABOUT_RETURN_TYPE = YES_ERROR;
				GCC_WARN_UNDECLARED_SELECTOR = YES;
				GCC_WARN_UNINITIALIZED_AUTOS = YES_AGGRESSIVE;
				GCC_WARN_UNUSED_FUNCTION = YES;
				GCC_WARN_UNUSED_VARIABLE = YES;
				MACOSX_DEPLOYMENT_TARGET = 11.0;
				MTL_ENABLE_DEBUG_INFO = INCLUDE_SOURCE;
				MTL_FAST_MATH = YES;
				ONLY_ACTIVE_ARCH = YES;
				SDKROOT = macosx;
				SWIFT_ACTIVE_COMPILATION_CONDITIONS = DEBUG;
				SWIFT_OPTIMIZATION_LEVEL = "-Onone";
			};
			name = Debug;
		};
		C882FA2826F1430D00595EE1 /* Release */ = {
			isa = XCBuildConfiguration;
			buildSettings = {
				ALWAYS_SEARCH_USER_PATHS = NO;
				CLANG_ANALYZER_NONNULL = YES;
				CLANG_ANALYZER_NUMBER_OBJECT_CONVERSION = YES_AGGRESSIVE;
				CLANG_CXX_LANGUAGE_STANDARD = "gnu++14";
				CLANG_CXX_LIBRARY = "libc++";
				CLANG_ENABLE_MODULES = YES;
				CLANG_ENABLE_OBJC_ARC = YES;
				CLANG_ENABLE_OBJC_WEAK = YES;
				CLANG_WARN_BLOCK_CAPTURE_AUTORELEASING = YES;
				CLANG_WARN_BOOL_CONVERSION = YES;
				CLANG_WARN_COMMA = YES;
				CLANG_WARN_CONSTANT_CONVERSION = YES;
				CLANG_WARN_DEPRECATED_OBJC_IMPLEMENTATIONS = YES;
				CLANG_WARN_DIRECT_OBJC_ISA_USAGE = YES_ERROR;
				CLANG_WARN_DOCUMENTATION_COMMENTS = YES;
				CLANG_WARN_EMPTY_BODY = YES;
				CLANG_WARN_ENUM_CONVERSION = YES;
				CLANG_WARN_INFINITE_RECURSION = YES;
				CLANG_WARN_INT_CONVERSION = YES;
				CLANG_WARN_NON_LITERAL_NULL_CONVERSION = YES;
				CLANG_WARN_OBJC_IMPLICIT_RETAIN_SELF = YES;
				CLANG_WARN_OBJC_LITERAL_CONVERSION = YES;
				CLANG_WARN_OBJC_ROOT_CLASS = YES_ERROR;
				CLANG_WARN_QUOTED_INCLUDE_IN_FRAMEWORK_HEADER = YES;
				CLANG_WARN_RANGE_LOOP_ANALYSIS = YES;
				CLANG_WARN_STRICT_PROTOTYPES = YES;
				CLANG_WARN_SUSPICIOUS_MOVE = YES;
				CLANG_WARN_UNGUARDED_AVAILABILITY = YES_AGGRESSIVE;
				CLANG_WARN_UNREACHABLE_CODE = YES;
				CLANG_WARN__DUPLICATE_METHOD_MATCH = YES;
				COPY_PHASE_STRIP = NO;
				DEBUG_INFORMATION_FORMAT = "dwarf-with-dsym";
				ENABLE_NS_ASSERTIONS = NO;
				ENABLE_STRICT_OBJC_MSGSEND = YES;
				GCC_C_LANGUAGE_STANDARD = gnu11;
				GCC_NO_COMMON_BLOCKS = YES;
				GCC_WARN_64_TO_32_BIT_CONVERSION = YES;
				GCC_WARN_ABOUT_RETURN_TYPE = YES_ERROR;
				GCC_WARN_UNDECLARED_SELECTOR = YES;
				GCC_WARN_UNINITIALIZED_AUTOS = YES_AGGRESSIVE;
				GCC_WARN_UNUSED_FUNCTION = YES;
				GCC_WARN_UNUSED_VARIABLE = YES;
				MACOSX_DEPLOYMENT_TARGET = 11.0;
				MTL_ENABLE_DEBUG_INFO = NO;
				MTL_FAST_MATH = YES;
				SDKROOT = macosx;
				SWIFT_COMPILATION_MODE = wholemodule;
				SWIFT_OPTIMIZATION_LEVEL = "-O";
			};
			name = Release;
		};
		C882FA2A26F1430D00595EE1 /* Debug */ = {
			isa = XCBuildConfiguration;
			buildSettings = {
				ASSETCATALOG_COMPILER_APPICON_NAME = AppIcon;
				ASSETCATALOG_COMPILER_GLOBAL_ACCENT_COLOR_NAME = AccentColor;
				CODE_SIGN_ENTITLEMENTS = Resources/MacDial.entitlements;
				CODE_SIGN_IDENTITY = "-";
				CODE_SIGN_STYLE = Manual;
				COMBINE_HIDPI_IMAGES = YES;
				CURRENT_PROJECT_VERSION = 43;
				DEVELOPMENT_TEAM = "";
				ENABLE_HARDENED_RUNTIME = YES;
				ENABLE_PREVIEWS = YES;
				INFOPLIST_FILE = Resources/Info.plist;
				LD_RUNPATH_SEARCH_PATHS = (
					"$(inherited)",
					"@executable_path/../Frameworks",
				);
				MACOSX_DEPLOYMENT_TARGET = 12.0;
				MARKETING_VERSION = 1.4;
				PRODUCT_BUNDLE_IDENTIFIER = com.lonelybytes.macdial;
				PRODUCT_NAME = "$(TARGET_NAME)";
				PROVISIONING_PROFILE_SPECIFIER = "";
				SWIFT_VERSION = 5.0;
			};
			name = Debug;
		};
		C882FA2B26F1430D00595EE1 /* Release */ = {
			isa = XCBuildConfiguration;
			buildSettings = {
				ASSETCATALOG_COMPILER_APPICON_NAME = AppIcon;
				ASSETCATALOG_COMPILER_GLOBAL_ACCENT_COLOR_NAME = AccentColor;
				CODE_SIGN_ENTITLEMENTS = Resources/MacDial.entitlements;
				CODE_SIGN_IDENTITY = "Developer ID Application";
				CODE_SIGN_STYLE = Manual;
				COMBINE_HIDPI_IMAGES = YES;
				CURRENT_PROJECT_VERSION = 43;
				DEVELOPMENT_TEAM = 2Y29N9EKUS;
				ENABLE_HARDENED_RUNTIME = YES;
				ENABLE_PREVIEWS = YES;
				INFOPLIST_FILE = Resources/Info.plist;
				LD_RUNPATH_SEARCH_PATHS = (
					"$(inherited)",
					"@executable_path/../Frameworks",
				);
				MACOSX_DEPLOYMENT_TARGET = 12.0;
				MARKETING_VERSION = 1.4;
				PRODUCT_BUNDLE_IDENTIFIER = com.lonelybytes.macdial;
				PRODUCT_NAME = "$(TARGET_NAME)";
				PROVISIONING_PROFILE_SPECIFIER = "(Developer ID) Mac Dial Status Bar Item";
				SWIFT_VERSION = 5.0;
			};
			name = Release;
		};
/* End XCBuildConfiguration section */

/* Begin XCConfigurationList section */
		C882FA1126F1430C00595EE1 /* Build configuration list for PBXProject "MacDial" */ = {
			isa = XCConfigurationList;
			buildConfigurations = (
				C882FA2726F1430D00595EE1 /* Debug */,
				C882FA2826F1430D00595EE1 /* Release */,
			);
			defaultConfigurationIsVisible = 0;
			defaultConfigurationName = Release;
		};
		C882FA2926F1430D00595EE1 /* Build configuration list for PBXNativeTarget "MacDial" */ = {
			isa = XCConfigurationList;
			buildConfigurations = (
				C882FA2A26F1430D00595EE1 /* Debug */,
				C882FA2B26F1430D00595EE1 /* Release */,
			);
			defaultConfigurationIsVisible = 0;
			defaultConfigurationName = Release;
		};
/* End XCConfigurationList section */
	};
	rootObject = C882FA0E26F1430C00595EE1 /* Project object */;
}
