// !$*UTF8*$!
{
	archiveVersion = 1;
	classes = {
	};
	objectVersion = 50;
	objects = {

/* Begin PBXBuildFile section */
		C882FA1A26F1430C00595EE1 /* AppDelegate.swift in Sources */ = {isa = PBXBuildFile; fileRef = C882FA1926F1430C00595EE1 /* AppDelegate.swift */; };
		C882FA1E26F1430D00595EE1 /* Assets.xcassets in Resources */ = {isa = PBXBuildFile; fileRef = C882FA1D26F1430D00595EE1 /* Assets.xcassets */; };
		C882FA2126F1430D00595EE1 /* Preview Assets.xcassets in Resources */ = {isa = PBXBuildFile; fileRef = C882FA2026F1430D00595EE1 /* Preview Assets.xcassets */; };
		C882FA2426F1430D00595EE1 /* Main.storyboard in Resources */ = {isa = PBXBuildFile; fileRef = C882FA2226F1430D00595EE1 /* Main.storyboard */; };
		C882FA2D26F143E300595EE1 /* StatusBarController.swift in Sources */ = {isa = PBXBuildFile; fileRef = C882FA2C26F143E300595EE1 /* StatusBarController.swift */; };
		C89D24292703BA5E00B1A458 /* ControlMode.swift in Sources */ = {isa = PBXBuildFile; fileRef = C89D24282703BA5E00B1A458 /* ControlMode.swift */; };
		C89D242B2703CF4500B1A458 /* ScrollControlMode.swift in Sources */ = {isa = PBXBuildFile; fileRef = C89D242A2703CF4500B1A458 /* ScrollControlMode.swift */; };
		C89F31592701090400A8B365 /* Dial.swift in Sources */ = {isa = PBXBuildFile; fileRef = C89F31582701090400A8B365 /* Dial.swift */; };
		C89F315B2701266400A8B365 /* CoreFoundation.framework in Frameworks */ = {isa = PBXBuildFile; fileRef = C89F315A2701266400A8B365 /* CoreFoundation.framework */; };
		C89F315D2701266A00A8B365 /* IOKit.framework in Frameworks */ = {isa = PBXBuildFile; fileRef = C89F315C2701266A00A8B365 /* IOKit.framework */; };
		C89F315F270126E100A8B365 /* AppKit.framework in Frameworks */ = {isa = PBXBuildFile; fileRef = C89F315E270126E100A8B365 /* AppKit.framework */; };
/* End PBXBuildFile section */

/* Begin PBXFileReference section */
		C882FA1626F1430C00595EE1 /* MacDial.app */ = {isa = PBXFileReference; explicitFileType = wrapper.application; includeInIndex = 0; path = MacDial.app; sourceTree = BUILT_PRODUCTS_DIR; };
		C882FA1926F1430C00595EE1 /* AppDelegate.swift */ = {isa = PBXFileReference; lastKnownFileType = sourcecode.swift; path = AppDelegate.swift; sourceTree = "<group>"; };
		C882FA1D26F1430D00595EE1 /* Assets.xcassets */ = {isa = PBXFileReference; lastKnownFileType = folder.assetcatalog; path = Assets.xcassets; sourceTree = "<group>"; };
		C882FA2026F1430D00595EE1 /* Preview Assets.xcassets */ = {isa = PBXFileReference; lastKnownFileType = folder.assetcatalog; path = "Preview Assets.xcassets"; sourceTree = "<group>"; };
		C882FA2326F1430D00595EE1 /* Base */ = {isa = PBXFileReference; lastKnownFileType = file.storyboard; name = Base; path = Base.lproj/Main.storyboard; sourceTree = "<group>"; };
		C882FA2526F1430D00595EE1 /* Info.plist */ = {isa = PBXFileReference; lastKnownFileType = text.plist.xml; path = Info.plist; sourceTree = "<group>"; };
		C882FA2626F1430D00595EE1 /* MacDial.entitlements */ = {isa = PBXFileReference; lastKnownFileType = text.plist.entitlements; path = MacDial.entitlements; sourceTree = "<group>"; };
		C882FA2C26F143E300595EE1 /* StatusBarController.swift */ = {isa = PBXFileReference; lastKnownFileType = sourcecode.swift; path = StatusBarController.swift; sourceTree = "<group>"; };
		C89D24282703BA5E00B1A458 /* ControlMode.swift */ = {isa = PBXFileReference; lastKnownFileType = sourcecode.swift; path = ControlMode.swift; sourceTree = "<group>"; };
		C89D242A2703CF4500B1A458 /* ScrollControlMode.swift */ = {isa = PBXFileReference; lastKnownFileType = sourcecode.swift; path = ScrollControlMode.swift; sourceTree = "<group>"; };
		C89F3155270106E400A8B365 /* MacDial-Bridging-Header.h */ = {isa = PBXFileReference; lastKnownFileType = sourcecode.c.h; path = "MacDial-Bridging-Header.h"; sourceTree = "<group>"; };
		C89F31582701090400A8B365 /* Dial.swift */ = {isa = PBXFileReference; lastKnownFileType = sourcecode.swift; path = Dial.swift; sourceTree = "<group>"; };
		C89F315A2701266400A8B365 /* CoreFoundation.framework */ = {isa = PBXFileReference; lastKnownFileType = wrapper.framework; name = CoreFoundation.framework; path = System/Library/Frameworks/CoreFoundation.framework; sourceTree = SDKROOT; };
		C89F315C2701266A00A8B365 /* IOKit.framework */ = {isa = PBXFileReference; lastKnownFileType = wrapper.framework; name = IOKit.framework; path = System/Library/Frameworks/IOKit.framework; sourceTree = SDKROOT; };
		C89F315E270126E100A8B365 /* AppKit.framework */ = {isa = PBXFileReference; lastKnownFileType = wrapper.framework; name = AppKit.framework; path = System/Library/Frameworks/AppKit.framework; sourceTree = SDKROOT; };
/* End PBXFileReference section */

/* Begin PBXFrameworksBuildPhase section */
		C882FA1326F1430C00595EE1 /* Frameworks */ = {
			isa = PBXFrameworksBuildPhase;
			buildActionMask = 2147483647;
			files = (
				C89F315F270126E100A8B365 /* AppKit.framework in Frameworks */,
				C89F315B2701266400A8B365 /* CoreFoundation.framework in Frameworks */,
				C89F315D2701266A00A8B365 /* IOKit.framework in Frameworks */,
			);
			runOnlyForDeploymentPostprocessing = 0;
		};
/* End PBXFrameworksBuildPhase section */

/* Begin PBXGroup section */
		C882FA0D26F1430C00595EE1 = {
			isa = PBXGroup;
			children = (
				C882FA1826F1430C00595EE1 /* MacDial */,
				C882FA1726F1430C00595EE1 /* Products */,
				C89F31562701079000A8B365 /* Frameworks */,
			);
			sourceTree = "<group>";
		};
		C882FA1726F1430C00595EE1 /* Products */ = {
			isa = PBXGroup;
			children = (
				C882FA1626F1430C00595EE1 /* MacDial.app */,
			);
			name = Products;
			sourceTree = "<group>";
		};
		C882FA1826F1430C00595EE1 /* MacDial */ = {
			isa = PBXGroup;
			children = (
				C882FA1926F1430C00595EE1 /* AppDelegate.swift */,
				C89F3155270106E400A8B365 /* MacDial-Bridging-Header.h */,
				C882FA2C26F143E300595EE1 /* StatusBarController.swift */,
				C89D24282703BA5E00B1A458 /* ControlMode.swift */,
				C882FA1D26F1430D00595EE1 /* Assets.xcassets */,
				C882FA2226F1430D00595EE1 /* Main.storyboard */,
				C882FA2526F1430D00595EE1 /* Info.plist */,
				C882FA2626F1430D00595EE1 /* MacDial.entitlements */,
				C882FA1F26F1430D00595EE1 /* Preview Content */,
				C89F31582701090400A8B365 /* Dial.swift */,
				C89D242A2703CF4500B1A458 /* ScrollControlMode.swift */,
			);
			path = MacDial;
			sourceTree = "<group>";
		};
		C882FA1F26F1430D00595EE1 /* Preview Content */ = {
			isa = PBXGroup;
			children = (
				C882FA2026F1430D00595EE1 /* Preview Assets.xcassets */,
			);
			path = "Preview Content";
			sourceTree = "<group>";
		};
		C89F31562701079000A8B365 /* Frameworks */ = {
			isa = PBXGroup;
			children = (
				C89F315E270126E100A8B365 /* AppKit.framework */,
				C89F315C2701266A00A8B365 /* IOKit.framework */,
				C89F315A2701266400A8B365 /* CoreFoundation.framework */,
			);
			name = Frameworks;
			sourceTree = "<group>";
		};
/* End PBXGroup section */

/* Begin PBXNativeTarget section */
		C882FA1526F1430C00595EE1 /* MacDial */ = {
			isa = PBXNativeTarget;
			buildConfigurationList = C882FA2926F1430D00595EE1 /* Build configuration list for PBXNativeTarget "MacDial" */;
			buildPhases = (
				C882FA1226F1430C00595EE1 /* Sources */,
				C882FA1326F1430C00595EE1 /* Frameworks */,
				C882FA1426F1430C00595EE1 /* Resources */,
			);
			buildRules = (
			);
			dependencies = (
			);
			name = MacDial;
			productName = MacDial;
			productReference = C882FA1626F1430C00595EE1 /* MacDial.app */;
			productType = "com.apple.product-type.application";
		};
/* End PBXNativeTarget section */

/* Begin PBXProject section */
		C882FA0E26F1430C00595EE1 /* Project object */ = {
			isa = PBXProject;
			attributes = {
				LastSwiftUpdateCheck = 1250;
				LastUpgradeCheck = 1250;
				TargetAttributes = {
					C882FA1526F1430C00595EE1 = {
						CreatedOnToolsVersion = 12.5.1;
					};
				};
			};
			buildConfigurationList = C882FA1126F1430C00595EE1 /* Build configuration list for PBXProject "MacDial" */;
			compatibilityVersion = "Xcode 9.3";
			developmentRegion = en;
			hasScannedForEncodings = 0;
			knownRegions = (
				en,
				Base,
			);
			mainGroup = C882FA0D26F1430C00595EE1;
			productRefGroup = C882FA1726F1430C00595EE1 /* Products */;
			projectDirPath = "";
			projectRoot = "";
			targets = (
				C882FA1526F1430C00595EE1 /* MacDial */,
			);
		};
/* End PBXProject section */

/* Begin PBXResourcesBuildPhase section */
		C882FA1426F1430C00595EE1 /* Resources */ = {
			isa = PBXResourcesBuildPhase;
			buildActionMask = 2147483647;
			files = (
				C882FA2426F1430D00595EE1 /* Main.storyboard in Resources */,
				C882FA2126F1430D00595EE1 /* Preview Assets.xcassets in Resources */,
				C882FA1E26F1430D00595EE1 /* Assets.xcassets in Resources */,
			);
			runOnlyForDeploymentPostprocessing = 0;
		};
/* End PBXResourcesBuildPhase section */

/* Begin PBXSourcesBuildPhase section */
		C882FA1226F1430C00595EE1 /* Sources */ = {
			isa = PBXSourcesBuildPhase;
			buildActionMask = 2147483647;
			files = (
				C882FA2D26F143E300595EE1 /* StatusBarController.swift in Sources */,
				C882FA1A26F1430C00595EE1 /* AppDelegate.swift in Sources */,
				C89D24292703BA5E00B1A458 /* ControlMode.swift in Sources */,
				C89F31592701090400A8B365 /* Dial.swift in Sources */,
				C89D242B2703CF4500B1A458 /* ScrollControlMode.swift in Sources */,
			);
			runOnlyForDeploymentPostprocessing = 0;
		};
/* End PBXSourcesBuildPhase section */

/* Begin PBXVariantGroup section */
		C882FA2226F1430D00595EE1 /* Main.storyboard */ = {
			isa = PBXVariantGroup;
			children = (
				C882FA2326F1430D00595EE1 /* Base */,
			);
			name = Main.storyboard;
			sourceTree = "<group>";
		};
/* End PBXVariantGroup section */

/* Begin XCBuildConfiguration section */
		C882FA2726F1430D00595EE1 /* Debug */ = {
			isa = XCBuildConfiguration;
			buildSettings = {
				ALWAYS_SEARCH_USER_PATHS = NO;
				CLANG_ANALYZER_NONNULL = YES;
				CLANG_ANALYZER_NUMBER_OBJECT_CONVERSION = YES_AGGRESSIVE;
				CLANG_CXX_LANGUAGE_STANDARD = "gnu++14";
				CLANG_CXX_LIBRARY = "libc++";
				CLANG_ENABLE_MODULES = YES;
				CLANG_ENABLE_OBJC_ARC = YES;
				CLANG_ENABLE_OBJC_WEAK = YES;
				CLANG_WARN_BLOCK_CAPTURE_AUTORELEASING = YES;
				CLANG_WARN_BOOL_CONVERSION = YES;
				CLANG_WARN_COMMA = YES;
				CLANG_WARN_CONSTANT_CONVERSION = YES;
				CLANG_WARN_DEPRECATED_OBJC_IMPLEMENTATIONS = YES;
				CLANG_WARN_DIRECT_OBJC_ISA_USAGE = YES_ERROR;
				CLANG_WARN_DOCUMENTATION_COMMENTS = YES;
				CLANG_WARN_EMPTY_BODY = YES;
				CLANG_WARN_ENUM_CONVERSION = YES;
				CLANG_WARN_INFINITE_RECURSION = YES;
				CLANG_WARN_INT_CONVERSION = YES;
				CLANG_WARN_NON_LITERAL_NULL_CONVERSION = YES;
				CLANG_WARN_OBJC_IMPLICIT_RETAIN_SELF = YES;
				CLANG_WARN_OBJC_LITERAL_CONVERSION = YES;
				CLANG_WARN_OBJC_ROOT_CLASS = YES_ERROR;
				CLANG_WARN_QUOTED_INCLUDE_IN_FRAMEWORK_HEADER = YES;
				CLANG_WARN_RANGE_LOOP_ANALYSIS = YES;
				CLANG_WARN_STRICT_PROTOTYPES = YES;
				CLANG_WARN_SUSPICIOUS_MOVE = YES;
				CLANG_WARN_UNGUARDED_AVAILABILITY = YES_AGGRESSIVE;
				CLANG_WARN_UNREACHABLE_CODE = YES;
				CLANG_WARN__DUPLICATE_METHOD_MATCH = YES;
				COPY_PHASE_STRIP = NO;
				DEBUG_INFORMATION_FORMAT = dwarf;
				ENABLE_STRICT_OBJC_MSGSEND = YES;
				ENABLE_TESTABILITY = YES;
				GCC_C_LANGUAGE_STANDARD = gnu11;
				GCC_DYNAMIC_NO_PIC = NO;
				GCC_NO_COMMON_BLOCKS = YES;
				GCC_OPTIMIZATION_LEVEL = 0;
				GCC_PREPROCESSOR_DEFINITIONS = (
					"DEBUG=1",
					"$(inherited)",
				);
				GCC_WARN_64_TO_32_BIT_CONVERSION = YES;
				GCC_WARN_ABOUT_RETURN_TYPE = YES_ERROR;
				GCC_WARN_UNDECLARED_SELECTOR = YES;
				GCC_WARN_UNINITIALIZED_AUTOS = YES_AGGRESSIVE;
				GCC_WARN_UNUSED_FUNCTION = YES;
				GCC_WARN_UNUSED_VARIABLE = YES;
				MACOSX_DEPLOYMENT_TARGET = 11.0;
				MTL_ENABLE_DEBUG_INFO = INCLUDE_SOURCE;
				MTL_FAST_MATH = YES;
				ONLY_ACTIVE_ARCH = YES;
				SDKROOT = macosx;
				SWIFT_ACTIVE_COMPILATION_CONDITIONS = DEBUG;
				SWIFT_OPTIMIZATION_LEVEL = "-Onone";
			};
			name = Debug;
		};
		C882FA2826F1430D00595EE1 /* Release */ = {
			isa = XCBuildConfiguration;
			buildSettings = {
				ALWAYS_SEARCH_USER_PATHS = NO;
				CLANG_ANALYZER_NONNULL = YES;
				CLANG_ANALYZER_NUMBER_OBJECT_CONVERSION = YES_AGGRESSIVE;
				CLANG_CXX_LANGUAGE_STANDARD = "gnu++14";
				CLANG_CXX_LIBRARY = "libc++";
				CLANG_ENABLE_MODULES = YES;
				CLANG_ENABLE_OBJC_ARC = YES;
				CLANG_ENABLE_OBJC_WEAK = YES;
				CLANG_WARN_BLOCK_CAPTURE_AUTORELEASING = YES;
				CLANG_WARN_BOOL_CONVERSION = YES;
				CLANG_WARN_COMMA = YES;
				CLANG_WARN_CONSTANT_CONVERSION = YES;
				CLANG_WARN_DEPRECATED_OBJC_IMPLEMENTATIONS = YES;
				CLANG_WARN_DIRECT_OBJC_ISA_USAGE = YES_ERROR;
				CLANG_WARN_DOCUMENTATION_COMMENTS = YES;
				CLANG_WARN_EMPTY_BODY = YES;
				CLANG_WARN_ENUM_CONVERSION = YES;
				CLANG_WARN_INFINITE_RECURSION = YES;
				CLANG_WARN_INT_CONVERSION = YES;
				CLANG_WARN_NON_LITERAL_NULL_CONVERSION = YES;
				CLANG_WARN_OBJC_IMPLICIT_RETAIN_SELF = YES;
				CLANG_WARN_OBJC_LITERAL_CONVERSION = YES;
				CLANG_WARN_OBJC_ROOT_CLASS = YES_ERROR;
				CLANG_WARN_QUOTED_INCLUDE_IN_FRAMEWORK_HEADER = YES;
				CLANG_WARN_RANGE_LOOP_ANALYSIS = YES;
				CLANG_WARN_STRICT_PROTOTYPES = YES;
				CLANG_WARN_SUSPICIOUS_MOVE = YES;
				CLANG_WARN_UNGUARDED_AVAILABILITY = YES_AGGRESSIVE;
				CLANG_WARN_UNREACHABLE_CODE = YES;
				CLANG_WARN__DUPLICATE_METHOD_MATCH = YES;
				COPY_PHASE_STRIP = NO;
				DEBUG_INFORMATION_FORMAT = "dwarf-with-dsym";
				ENABLE_NS_ASSERTIONS = NO;
				ENABLE_STRICT_OBJC_MSGSEND = YES;
				GCC_C_LANGUAGE_STANDARD = gnu11;
				GCC_NO_COMMON_BLOCKS = YES;
				GCC_WARN_64_TO_32_BIT_CONVERSION = YES;
				GCC_WARN_ABOUT_RETURN_TYPE = YES_ERROR;
				GCC_WARN_UNDECLARED_SELECTOR = YES;
				GCC_WARN_UNINITIALIZED_AUTOS = YES_AGGRESSIVE;
				GCC_WARN_UNUSED_FUNCTION = YES;
				GCC_WARN_UNUSED_VARIABLE = YES;
				MACOSX_DEPLOYMENT_TARGET = 11.0;
				MTL_ENABLE_DEBUG_INFO = NO;
				MTL_FAST_MATH = YES;
				SDKROOT = macosx;
				SWIFT_COMPILATION_MODE = wholemodule;
				SWIFT_OPTIMIZATION_LEVEL = "-O";
			};
			name = Release;
		};
		C882FA2A26F1430D00595EE1 /* Debug */ = {
			isa = XCBuildConfiguration;
			buildSettings = {
				ASSETCATALOG_COMPILER_APPICON_NAME = AppIcon;
				ASSETCATALOG_COMPILER_GLOBAL_ACCENT_COLOR_NAME = AccentColor;
				CODE_SIGN_ENTITLEMENTS = MacDial/MacDial.entitlements;
				CODE_SIGN_STYLE = Automatic;
				COMBINE_HIDPI_IMAGES = YES;
				DEVELOPMENT_ASSET_PATHS = "\"MacDial/Preview Content\"";
				ENABLE_PREVIEWS = YES;
				HEADER_SEARCH_PATHS = "$(SRCROOT)/lib/hidapi/hidapi";
				INFOPLIST_FILE = MacDial/Info.plist;
				LD_RUNPATH_SEARCH_PATHS = (
					"$(inherited)",
					"@executable_path/../Frameworks",
				);
				LIBRARY_SEARCH_PATHS = "$(SRCROOT)/lib/hidapi/build/src/mac";
				MACOSX_DEPLOYMENT_TARGET = 10.15;
				OTHER_LDFLAGS = "-lhidapi";
				PRODUCT_BUNDLE_IDENTIFIER = com.andreasjhkarlsson.MacDial;
				PRODUCT_NAME = "$(TARGET_NAME)";
				SWIFT_OBJC_BRIDGING_HEADER = "$(SRCROOT)/MacDial/MacDial-Bridging-Header.h";
				SWIFT_VERSION = 5.0;
			};
			name = Debug;
		};
		C882FA2B26F1430D00595EE1 /* Release */ = {
			isa = XCBuildConfiguration;
			buildSettings = {
				ASSETCATALOG_COMPILER_APPICON_NAME = AppIcon;
				ASSETCATALOG_COMPILER_GLOBAL_ACCENT_COLOR_NAME = AccentColor;
				CODE_SIGN_ENTITLEMENTS = MacDial/MacDial.entitlements;
				CODE_SIGN_STYLE = Automatic;
				COMBINE_HIDPI_IMAGES = YES;
				DEVELOPMENT_ASSET_PATHS = "\"MacDial/Preview Content\"";
				ENABLE_PREVIEWS = YES;
				HEADER_SEARCH_PATHS = "$(SRCROOT)/lib/hidapi/hidapi";
				INFOPLIST_FILE = MacDial/Info.plist;
				LD_RUNPATH_SEARCH_PATHS = (
					"$(inherited)",
					"@executable_path/../Frameworks",
				);
				LIBRARY_SEARCH_PATHS = "$(SRCROOT)/lib/hidapi/build/src/mac";
				MACOSX_DEPLOYMENT_TARGET = 10.15;
				OTHER_LDFLAGS = "-lhidapi";
				PRODUCT_BUNDLE_IDENTIFIER = com.andreasjhkarlsson.MacDial;
				PRODUCT_NAME = "$(TARGET_NAME)";
				SWIFT_OBJC_BRIDGING_HEADER = "$(SRCROOT)/MacDial/MacDial-Bridging-Header.h";
				SWIFT_VERSION = 5.0;
			};
			name = Release;
		};
/* End XCBuildConfiguration section */

/* Begin XCConfigurationList section */
		C882FA1126F1430C00595EE1 /* Build configuration list for PBXProject "MacDial" */ = {
			isa = XCConfigurationList;
			buildConfigurations = (
				C882FA2726F1430D00595EE1 /* Debug */,
				C882FA2826F1430D00595EE1 /* Release */,
			);
			defaultConfigurationIsVisible = 0;
			defaultConfigurationName = Release;
		};
		C882FA2926F1430D00595EE1 /* Build configuration list for PBXNativeTarget "MacDial" */ = {
			isa = XCConfigurationList;
			buildConfigurations = (
				C882FA2A26F1430D00595EE1 /* Debug */,
				C882FA2B26F1430D00595EE1 /* Release */,
			);
			defaultConfigurationIsVisible = 0;
			defaultConfigurationName = Release;
		};
/* End XCConfigurationList section */
	};
	rootObject = C882FA0E26F1430C00595EE1 /* Project object */;
}
